
Microsoft Visual Studio Solution File, Format Version 12.00
# Visual Studio Version 16
VisualStudioVersion = 16.0.31410.357
MinimumVisualStudioVersion = 10.0.40219.1
Project("{9A19103F-16F7-4668-BE54-9A1E7A4F7556}") = "ASP.NET_Aprendizado", "..\..\..\..\..\GIT\ASP.NET_Aprendizado\ASP.NET_Aprendizado.csproj", "{4E76C3DA-2586-4842-8A9D-B02159D4AD02}"
EndProject
Global
	GlobalSection(SolutionConfigurationPlatforms) = preSolution
		Debug|Any CPU = Debug|Any CPU
		Release|Any CPU = Release|Any CPU
	EndGlobalSection
	GlobalSection(ProjectConfigurationPlatforms) = postSolution
		{4E76C3DA-2586-4842-8A9D-B02159D4AD02}.Debug|Any CPU.ActiveCfg = Debug|Any CPU
		{4E76C3DA-2586-4842-8A9D-B02159D4AD02}.Debug|Any CPU.Build.0 = Debug|Any CPU
		{4E76C3DA-2586-4842-8A9D-B02159D4AD02}.Release|Any CPU.ActiveCfg = Release|Any CPU
		{4E76C3DA-2586-4842-8A9D-B02159D4AD02}.Release|Any CPU.Build.0 = Release|Any CPU
	EndGlobalSection
	GlobalSection(SolutionProperties) = preSolution
		HideSolutionNode = FALSE
	EndGlobalSection
	GlobalSection(ExtensibilityGlobals) = postSolution
		SolutionGuid = {770785A4-611B-4934-854D-D8A0F7D0CFF6}
	EndGlobalSection
EndGlobal
